
Microsoft Visual Studio Solution File, Format Version 12.00
# Visual Studio Version 17
VisualStudioVersion = 17.4.33103.184
MinimumVisualStudioVersion = 10.0.40219.1
Project("{FAE04EC0-301F-11D3-BF4B-00C04F79EFBC}") = "CardGame2023SpringHPC", "CardGame2023SpringHPC\CardGame2023SpringHPC.csproj", "{2BD468FD-361C-41C6-B42B-C32532799240}"
EndProject
Global
	GlobalSection(SolutionConfigurationPlatforms) = preSolution
		Debug|Any CPU = Debug|Any CPU
		Release|Any CPU = Release|Any CPU
	EndGlobalSection
	GlobalSection(ProjectConfigurationPlatforms) = postSolution
		{2BD468FD-361C-41C6-B42B-C32532799240}.Debug|Any CPU.ActiveCfg = Debug|Any CPU
		{2BD468FD-361C-41C6-B42B-C32532799240}.Debug|Any CPU.Build.0 = Debug|Any CPU
		{2BD468FD-361C-41C6-B42B-C32532799240}.Release|Any CPU.ActiveCfg = Release|Any CPU
		{2BD468FD-361C-41C6-B42B-C32532799240}.Release|Any CPU.Build.0 = Release|Any CPU
	EndGlobalSection
	GlobalSection(SolutionProperties) = preSolution
		HideSolutionNode = FALSE
	EndGlobalSection
	GlobalSection(ExtensibilityGlobals) = postSolution
		SolutionGuid = {A9F7A824-E390-4AB3-9FC8-FCED9C7996CA}
	EndGlobalSection
EndGlobal
